
Microsoft Visual Studio Solution File, Format Version 12.00
# Visual Studio 15
Project("{FAE04EC0-301F-11D3-BF4B-00C04F79EFBC}") = "vs-copy-bug", "vs-copy-bug.csproj", "{B38D9D32-4901-4CAA-8CF9-26D6B9B36AC6}"
EndProject
Global
	GlobalSection(SolutionConfigurationPlatforms) = preSolution
		Debug|Any CPU = Debug|Any CPU
		Release|Any CPU = Release|Any CPU
	EndGlobalSection
	GlobalSection(ProjectConfigurationPlatforms) = postSolution
		{B38D9D32-4901-4CAA-8CF9-26D6B9B36AC6}.Debug|Any CPU.ActiveCfg = Debug|Any CPU
		{B38D9D32-4901-4CAA-8CF9-26D6B9B36AC6}.Debug|Any CPU.Build.0 = Debug|Any CPU
		{B38D9D32-4901-4CAA-8CF9-26D6B9B36AC6}.Release|Any CPU.ActiveCfg = Release|Any CPU
		{B38D9D32-4901-4CAA-8CF9-26D6B9B36AC6}.Release|Any CPU.Build.0 = Release|Any CPU
	EndGlobalSection
EndGlobal
